
Microsoft Visual Studio Solution File, Format Version 12.00
# Visual Studio Version 17
VisualStudioVersion = 17.5.002.0
MinimumVisualStudioVersion = 10.0.40219.1
Project("{2150E333-8FDC-42A3-9474-1A3956D46DE8}") = "src", "src", "{917DC0C5-6D3F-4F6D-B556-06190F9796AE}"
EndProject
Project("{9A19103F-16F7-4668-BE54-9A1E7A4F7556}") = "Library", "src\Library\Library.csproj", "{262FBE14-1BBF-4328-9648-14AABC929AAB}"
EndProject
Project("{9A19103F-16F7-4668-BE54-9A1E7A4F7556}") = "Program", "src\Program\Program.csproj", "{71F349B1-A9FC-42BC-9AB5-456E41A3EEB0}"
EndProject
Global
	GlobalSection(SolutionConfigurationPlatforms) = preSolution
		Debug|Any CPU = Debug|Any CPU
		Release|Any CPU = Release|Any CPU
	EndGlobalSection
	GlobalSection(ProjectConfigurationPlatforms) = postSolution
		{262FBE14-1BBF-4328-9648-14AABC929AAB}.Debug|Any CPU.ActiveCfg = Debug|Any CPU
		{262FBE14-1BBF-4328-9648-14AABC929AAB}.Debug|Any CPU.Build.0 = Debug|Any CPU
		{262FBE14-1BBF-4328-9648-14AABC929AAB}.Release|Any CPU.ActiveCfg = Release|Any CPU
		{262FBE14-1BBF-4328-9648-14AABC929AAB}.Release|Any CPU.Build.0 = Release|Any CPU
		{71F349B1-A9FC-42BC-9AB5-456E41A3EEB0}.Debug|Any CPU.ActiveCfg = Debug|Any CPU
		{71F349B1-A9FC-42BC-9AB5-456E41A3EEB0}.Debug|Any CPU.Build.0 = Debug|Any CPU
		{71F349B1-A9FC-42BC-9AB5-456E41A3EEB0}.Release|Any CPU.ActiveCfg = Release|Any CPU
		{71F349B1-A9FC-42BC-9AB5-456E41A3EEB0}.Release|Any CPU.Build.0 = Release|Any CPU
	EndGlobalSection
	GlobalSection(SolutionProperties) = preSolution
		HideSolutionNode = FALSE
	EndGlobalSection
	GlobalSection(NestedProjects) = preSolution
		{262FBE14-1BBF-4328-9648-14AABC929AAB} = {917DC0C5-6D3F-4F6D-B556-06190F9796AE}
		{71F349B1-A9FC-42BC-9AB5-456E41A3EEB0} = {917DC0C5-6D3F-4F6D-B556-06190F9796AE}
	EndGlobalSection
	GlobalSection(ExtensibilityGlobals) = postSolution
		SolutionGuid = {FBD927B7-540E-456B-9236-41DA7501BB7B}
	EndGlobalSection
EndGlobal
